
Microsoft Visual Studio Solution File, Format Version 12.00
# Visual Studio 15
VisualStudioVersion = 15.0.27703.2026
MinimumVisualStudioVersion = 10.0.40219.1
Project("{2150E333-8FDC-42A3-9474-1A3956D46DE8}") = "Source", "Source", "{BAF7BA48-E06C-4027-BA4E-66ED9E959E04}"
	ProjectSection(SolutionItems) = preProject
		.editorconfig = .editorconfig
		.gitignore = .gitignore
		appveyor.yml = appveyor.yml
		CONTRIBUTING.md = CONTRIBUTING.md
		LICENSE = LICENSE
		README.md = README.md
		RELEASE_NOTES.md = RELEASE_NOTES.md
		ROADMAP.md = ROADMAP.md
	EndProjectSection
EndProject
Project("{2150E333-8FDC-42A3-9474-1A3956D46DE8}") = "Test", "Test", "{8AF17C29-9FD3-4C6C-82C2-693519E7FF81}"
EndProject
Project("{9A19103F-16F7-4668-BE54-9A1E7A4F7556}") = "UnitTests", "Test\UnitTests\UnitTests.csproj", "{BF82D217-74FB-4DE7-B8C6-9079C1E0B9AF}"
EndProject
Project("{9A19103F-16F7-4668-BE54-9A1E7A4F7556}") = "FunctionalTests", "Test\FunctionalTests\FunctionalTests.csproj", "{57981916-3F35-4E99-9CAA-7E09E70C6476}"
EndProject
Project("{2150E333-8FDC-42A3-9474-1A3956D46DE8}") = "Samples", "Samples", "{499B72C5-DFC4-4356-8FD0-6E741E23831B}"
EndProject
Project("{9A19103F-16F7-4668-BE54-9A1E7A4F7556}") = "GitCloneSample", "Samples\GitCloneSample\GitCloneSample.csproj", "{F1A7141C-3B1C-428D-BDE9-435DDA003B78}"
EndProject
Project("{9A19103F-16F7-4668-BE54-9A1E7A4F7556}") = "RunInfoBuilder", "Source\RunInfoBuilder.csproj", "{24D7D44B-658B-48BA-A184-02D4D070907E}"
EndProject
Global
	GlobalSection(SolutionConfigurationPlatforms) = preSolution
		Debug|Any CPU = Debug|Any CPU
		Release|Any CPU = Release|Any CPU
		Test|Any CPU = Test|Any CPU
	EndGlobalSection
	GlobalSection(ProjectConfigurationPlatforms) = postSolution
		{BF82D217-74FB-4DE7-B8C6-9079C1E0B9AF}.Debug|Any CPU.ActiveCfg = Debug|Any CPU
		{BF82D217-74FB-4DE7-B8C6-9079C1E0B9AF}.Release|Any CPU.ActiveCfg = Release|Any CPU
		{BF82D217-74FB-4DE7-B8C6-9079C1E0B9AF}.Release|Any CPU.Build.0 = Release|Any CPU
		{BF82D217-74FB-4DE7-B8C6-9079C1E0B9AF}.Test|Any CPU.ActiveCfg = Test|Any CPU
		{BF82D217-74FB-4DE7-B8C6-9079C1E0B9AF}.Test|Any CPU.Build.0 = Test|Any CPU
		{57981916-3F35-4E99-9CAA-7E09E70C6476}.Debug|Any CPU.ActiveCfg = Debug|Any CPU
		{57981916-3F35-4E99-9CAA-7E09E70C6476}.Release|Any CPU.ActiveCfg = Release|Any CPU
		{57981916-3F35-4E99-9CAA-7E09E70C6476}.Release|Any CPU.Build.0 = Release|Any CPU
		{57981916-3F35-4E99-9CAA-7E09E70C6476}.Test|Any CPU.ActiveCfg = Test|Any CPU
		{57981916-3F35-4E99-9CAA-7E09E70C6476}.Test|Any CPU.Build.0 = Test|Any CPU
		{F1A7141C-3B1C-428D-BDE9-435DDA003B78}.Debug|Any CPU.ActiveCfg = Debug|Any CPU
		{F1A7141C-3B1C-428D-BDE9-435DDA003B78}.Debug|Any CPU.Build.0 = Debug|Any CPU
		{F1A7141C-3B1C-428D-BDE9-435DDA003B78}.Release|Any CPU.ActiveCfg = Release|Any CPU
		{F1A7141C-3B1C-428D-BDE9-435DDA003B78}.Release|Any CPU.Build.0 = Release|Any CPU
		{F1A7141C-3B1C-428D-BDE9-435DDA003B78}.Test|Any CPU.ActiveCfg = Debug|Any CPU
		{F1A7141C-3B1C-428D-BDE9-435DDA003B78}.Test|Any CPU.Build.0 = Debug|Any CPU
		{24D7D44B-658B-48BA-A184-02D4D070907E}.Debug|Any CPU.ActiveCfg = Debug|Any CPU
		{24D7D44B-658B-48BA-A184-02D4D070907E}.Debug|Any CPU.Build.0 = Debug|Any CPU
		{24D7D44B-658B-48BA-A184-02D4D070907E}.Release|Any CPU.ActiveCfg = Release|Any CPU
		{24D7D44B-658B-48BA-A184-02D4D070907E}.Release|Any CPU.Build.0 = Release|Any CPU
		{24D7D44B-658B-48BA-A184-02D4D070907E}.Test|Any CPU.ActiveCfg = Debug|Any CPU
		{24D7D44B-658B-48BA-A184-02D4D070907E}.Test|Any CPU.Build.0 = Debug|Any CPU
	EndGlobalSection
	GlobalSection(SolutionProperties) = preSolution
		HideSolutionNode = FALSE
	EndGlobalSection
	GlobalSection(NestedProjects) = preSolution
		{BF82D217-74FB-4DE7-B8C6-9079C1E0B9AF} = {8AF17C29-9FD3-4C6C-82C2-693519E7FF81}
		{57981916-3F35-4E99-9CAA-7E09E70C6476} = {8AF17C29-9FD3-4C6C-82C2-693519E7FF81}
		{F1A7141C-3B1C-428D-BDE9-435DDA003B78} = {499B72C5-DFC4-4356-8FD0-6E741E23831B}
		{24D7D44B-658B-48BA-A184-02D4D070907E} = {BAF7BA48-E06C-4027-BA4E-66ED9E959E04}
	EndGlobalSection
	GlobalSection(ExtensibilityGlobals) = postSolution
		SolutionGuid = {FA5A825D-533A-4664-9D74-F3C20D3FF7E1}
	EndGlobalSection
EndGlobal
